<?xml version="1.0" encoding="utf-8"?>
<Project ToolsVersion="4.0" xmlns="http://schemas.microsoft.com/developer/msbuild/2003">
  <ItemGroup>
    <ClCompile Include="main.cpp" />
    <ClCompile Include="OpenGL.cpp">
      <Filter>core</Filter>
    </ClCompile>
    <ClCompile Include="Win32.cpp">
      <Filter>core</Filter>
    </ClCompile>
    <ClCompile Include="external\nanovg\nanovg.c">
      <Filter>external\nanovg</Filter>
    </ClCompile>
    <ClCompile Include="external\glew\glew.c">
      <Filter>external\glew</Filter>
    </ClCompile>
    <ClCompile Include="NanoVGRenderer.cpp">
      <Filter>core</Filter>
    </ClCompile>
    <ClCompile Include="Timer.cpp">
      <Filter>core</Filter>
    </ClCompile>
    <ClCompile Include="Maths.cpp">
      <Filter>core</Filter>
    </ClCompile>
    <ClCompile Include="Laser.cpp">
      <Filter>game</Filter>
    </ClCompile>
    <ClCompile Include="Renderer.cpp">
      <Filter>game</Filter>
    </ClCompile>
    <ClCompile Include="Rocket.cpp">
      <Filter>game</Filter>
    </ClCompile>
    <ClCompile Include="StarField.cpp">
      <Filter>game</Filter>
    </ClCompile>
  </ItemGroup>
  <ItemGroup>
    <ClInclude Include="Maths.h">
      <Filter>core</Filter>
    </ClInclude>
    <ClInclude Include="OpenGL.h">
      <Filter>core</Filter>
    </ClInclude>
    <ClInclude Include="std.h">
      <Filter>core</Filter>
    </ClInclude>
    <ClInclude Include="Win32.h">
      <Filter>core</Filter>
    </ClInclude>
    <ClInclude Include="external\nanovg\fontstash.h">
      <Filter>external\nanovg</Filter>
    </ClInclude>
    <ClInclude Include="external\nanovg\nanovg.h">
      <Filter>external\nanovg</Filter>
    </ClInclude>
    <ClInclude Include="external\nanovg\nanovg_gl.h">
      <Filter>external\nanovg</Filter>
    </ClInclude>
    <ClInclude Include="external\nanovg\nanovg_gl_utils.h">
      <Filter>external\nanovg</Filter>
    </ClInclude>
    <ClInclude Include="external\nanovg\stb_image.h">
      <Filter>external\nanovg</Filter>
    </ClInclude>
    <ClInclude Include="external\nanovg\stb_truetype.h">
      <Filter>external\nanovg</Filter>
    </ClInclude>
    <ClInclude Include="external\glew\glew.h">
      <Filter>external\glew</Filter>
    </ClInclude>
    <ClInclude Include="external\glew\wglew.h">
      <Filter>external\glew</Filter>
    </ClInclude>
    <ClInclude Include="NanoVGRenderer.h">
      <Filter>core</Filter>
    </ClInclude>
    <ClInclude Include="Timer.h">
      <Filter>core</Filter>
    </ClInclude>
    <ClInclude Include="Enemy.h">
      <Filter>game</Filter>
    </ClInclude>
    <ClInclude Include="Laser.h">
      <Filter>game</Filter>
    </ClInclude>
    <ClInclude Include="Missile.h">
      <Filter>game</Filter>
    </ClInclude>
    <ClInclude Include="Particule.h">
      <Filter>game</Filter>
    </ClInclude>
    <ClInclude Include="Renderer.h">
      <Filter>game</Filter>
    </ClInclude>
    <ClInclude Include="Rocket.h">
      <Filter>game</Filter>
    </ClInclude>
    <ClInclude Include="StarField.h">
      <Filter>game</Filter>
    </ClInclude>
  </ItemGroup>
  <ItemGroup>
    <Filter Include="core">
      <UniqueIdentifier>{eac33817-2242-4833-bd95-972c8e46f2d3}</UniqueIdentifier>
    </Filter>
    <Filter Include="external">
      <UniqueIdentifier>{125b2f26-06f0-4cc9-8d0b-ab7d82d6a9fd}</UniqueIdentifier>
    </Filter>
    <Filter Include="external\nanovg">
      <UniqueIdentifier>{a1713576-c051-4a4e-8eb6-e2bed61540a3}</UniqueIdentifier>
    </Filter>
    <Filter Include="external\glew">
      <UniqueIdentifier>{834dc9fc-ab53-4000-b07c-dced442a6a16}</UniqueIdentifier>
    </Filter>
    <Filter Include="game">
      <UniqueIdentifier>{a93b5981-5245-4fc1-90fb-4239927e0338}</UniqueIdentifier>
    </Filter>
  </ItemGroup>
</Project>