<?xml version="1.0" encoding="utf-8"?>
<Project ToolsVersion="4.0" xmlns="http://schemas.microsoft.com/developer/msbuild/2003">
  <ItemGroup>
    <ClCompile Include="main.cpp" />
    <ClCompile Include="external\nanovg\nanovg.c">
      <Filter>external\nanovg</Filter>
    </ClCompile>
    <ClCompile Include="external\glew\glew.c">
      <Filter>external\glew</Filter>
    </ClCompile>
    <ClCompile Include="Laser.cpp">
      <Filter>game</Filter>
    </ClCompile>
    <ClCompile Include="Renderer.cpp">
      <Filter>game</Filter>
    </ClCompile>
    <ClCompile Include="Rocket.cpp">
      <Filter>game</Filter>
    </ClCompile>
    <ClCompile Include="StarField.cpp">
      <Filter>game</Filter>
    </ClCompile>
    <ClCompile Include="Goody.cpp">
      <Filter>game</Filter>
    </ClCompile>
    <ClCompile Include="NanoVGRenderer.cpp">
      <Filter>wrapper</Filter>
    </ClCompile>
    <ClCompile Include="OpenGL.cpp">
      <Filter>wrapper</Filter>
    </ClCompile>
    <ClCompile Include="Mine.cpp">
      <Filter>game</Filter>
    </ClCompile>
    <ClCompile Include="CuteSound.cpp">
      <Filter>wrapper</Filter>
    </ClCompile>
  </ItemGroup>
  <ItemGroup>
    <ClInclude Include="external\nanovg\fontstash.h">
      <Filter>external\nanovg</Filter>
    </ClInclude>
    <ClInclude Include="external\nanovg\nanovg.h">
      <Filter>external\nanovg</Filter>
    </ClInclude>
    <ClInclude Include="external\nanovg\nanovg_gl.h">
      <Filter>external\nanovg</Filter>
    </ClInclude>
    <ClInclude Include="external\nanovg\nanovg_gl_utils.h">
      <Filter>external\nanovg</Filter>
    </ClInclude>
    <ClInclude Include="external\nanovg\stb_image.h">
      <Filter>external\nanovg</Filter>
    </ClInclude>
    <ClInclude Include="external\nanovg\stb_truetype.h">
      <Filter>external\nanovg</Filter>
    </ClInclude>
    <ClInclude Include="external\glew\glew.h">
      <Filter>external\glew</Filter>
    </ClInclude>
    <ClInclude Include="external\glew\wglew.h">
      <Filter>external\glew</Filter>
    </ClInclude>
    <ClInclude Include="Enemy.h">
      <Filter>game</Filter>
    </ClInclude>
    <ClInclude Include="Laser.h">
      <Filter>game</Filter>
    </ClInclude>
    <ClInclude Include="Missile.h">
      <Filter>game</Filter>
    </ClInclude>
    <ClInclude Include="Particule.h">
      <Filter>game</Filter>
    </ClInclude>
    <ClInclude Include="Renderer.h">
      <Filter>game</Filter>
    </ClInclude>
    <ClInclude Include="Rocket.h">
      <Filter>game</Filter>
    </ClInclude>
    <ClInclude Include="StarField.h">
      <Filter>game</Filter>
    </ClInclude>
    <ClInclude Include="external\miniaudio\miniaudio.h">
      <Filter>external\miniaudio</Filter>
    </ClInclude>
    <ClInclude Include="Goody.h">
      <Filter>game</Filter>
    </ClInclude>
    <ClInclude Include="version.h" />
    <ClInclude Include="NanoVGRenderer.h">
      <Filter>wrapper</Filter>
    </ClInclude>
    <ClInclude Include="OpenGL.h">
      <Filter>wrapper</Filter>
    </ClInclude>
    <ClInclude Include="Mine.h">
      <Filter>game</Filter>
    </ClInclude>
    <ClInclude Include="CuteSound.h">
      <Filter>wrapper</Filter>
    </ClInclude>
  </ItemGroup>
  <ItemGroup>
    <Filter Include="external">
      <UniqueIdentifier>{125b2f26-06f0-4cc9-8d0b-ab7d82d6a9fd}</UniqueIdentifier>
    </Filter>
    <Filter Include="external\nanovg">
      <UniqueIdentifier>{a1713576-c051-4a4e-8eb6-e2bed61540a3}</UniqueIdentifier>
    </Filter>
    <Filter Include="external\glew">
      <UniqueIdentifier>{834dc9fc-ab53-4000-b07c-dced442a6a16}</UniqueIdentifier>
    </Filter>
    <Filter Include="game">
      <UniqueIdentifier>{a93b5981-5245-4fc1-90fb-4239927e0338}</UniqueIdentifier>
    </Filter>
    <Filter Include="external\miniaudio">
      <UniqueIdentifier>{8be31e32-751d-4aa8-bb6d-02ff5aaf9d7b}</UniqueIdentifier>
    </Filter>
    <Filter Include="package">
      <UniqueIdentifier>{c21a32b3-a972-4bde-b934-6eadf8382bf8}</UniqueIdentifier>
    </Filter>
    <Filter Include="wrapper">
      <UniqueIdentifier>{295c4774-9603-414d-ab1d-82b4a432e9ca}</UniqueIdentifier>
    </Filter>
  </ItemGroup>
  <ItemGroup>
    <None Include="package\package.bat">
      <Filter>package</Filter>
    </None>
  </ItemGroup>
</Project>