<?xml version="1.0" encoding="utf-8"?>
<Project ToolsVersion="4.0" xmlns="http://schemas.microsoft.com/developer/msbuild/2003">
  <ItemGroup>
    <ClCompile Include="main.cpp" />
    <ClCompile Include="Graphics.cpp">
      <Filter>common</Filter>
    </ClCompile>
    <ClCompile Include="Maths.cpp">
      <Filter>common</Filter>
    </ClCompile>
    <ClCompile Include="PrecisionTime.cpp">
      <Filter>common</Filter>
    </ClCompile>
    <ClCompile Include="Vector.cpp">
      <Filter>common</Filter>
    </ClCompile>
    <ClCompile Include="Laser.cpp">
      <Filter>system</Filter>
    </ClCompile>
    <ClCompile Include="Renderer.cpp">
      <Filter>system</Filter>
    </ClCompile>
    <ClCompile Include="Rocket.cpp">
      <Filter>system</Filter>
    </ClCompile>
    <ClCompile Include="StarField.cpp">
      <Filter>system</Filter>
    </ClCompile>
  </ItemGroup>
  <ItemGroup>
    <ClInclude Include="Graphics.h">
      <Filter>common</Filter>
    </ClInclude>
    <ClInclude Include="Maths.h">
      <Filter>common</Filter>
    </ClInclude>
    <ClInclude Include="PrecisionTime.h">
      <Filter>common</Filter>
    </ClInclude>
    <ClInclude Include="Vector.h">
      <Filter>common</Filter>
    </ClInclude>
    <ClInclude Include="std.h">
      <Filter>common</Filter>
    </ClInclude>
    <ClInclude Include="cairo.h">
      <Filter>common</Filter>
    </ClInclude>
    <ClInclude Include="Enemy.h">
      <Filter>system</Filter>
    </ClInclude>
    <ClInclude Include="Laser.h">
      <Filter>system</Filter>
    </ClInclude>
    <ClInclude Include="Missile.h">
      <Filter>system</Filter>
    </ClInclude>
    <ClInclude Include="Particule.h">
      <Filter>system</Filter>
    </ClInclude>
    <ClInclude Include="Renderer.h">
      <Filter>system</Filter>
    </ClInclude>
    <ClInclude Include="Rocket.h">
      <Filter>system</Filter>
    </ClInclude>
    <ClInclude Include="StarField.h">
      <Filter>system</Filter>
    </ClInclude>
  </ItemGroup>
  <ItemGroup>
    <Filter Include="common">
      <UniqueIdentifier>{4e82e753-0f85-4f82-972a-518af4770af4}</UniqueIdentifier>
    </Filter>
    <Filter Include="system">
      <UniqueIdentifier>{2049cb6a-bbe4-411a-9fe6-86406faba87c}</UniqueIdentifier>
    </Filter>
  </ItemGroup>
</Project>